
Microsoft Visual Studio Solution File, Format Version 12.00
# Visual Studio 2015
Project("{FAE04EC0-301F-11D3-BF4B-00C04F79EFBC}") = "Hexagons.CSharp", "Hexagons.CSharp.csproj", "{5A874DC9-4D68-D8FC-8452-E21FF16C1DDB}"
EndProject
Project("{FAE04EC0-301F-11D3-BF4B-00C04F79EFBC}") = "Hexagons.CSharp.Editor", "Hexagons.CSharp.Editor.csproj", "{FB887365-5D2D-AB21-5112-0F06C933BA59}"
EndProject
Global
	GlobalSection(SolutionConfigurationPlatforms) = preSolution
		Debug|Any CPU = Debug|Any CPU
		Release|Any CPU = Release|Any CPU
	EndGlobalSection
	GlobalSection(ProjectConfigurationPlatforms) = postSolution
		{5A874DC9-4D68-D8FC-8452-E21FF16C1DDB}.Debug|Any CPU.ActiveCfg = Debug|Any CPU
		{5A874DC9-4D68-D8FC-8452-E21FF16C1DDB}.Debug|Any CPU.Build.0 = Debug|Any CPU
		{5A874DC9-4D68-D8FC-8452-E21FF16C1DDB}.Release|Any CPU.ActiveCfg = Release|Any CPU
		{5A874DC9-4D68-D8FC-8452-E21FF16C1DDB}.Release|Any CPU.Build.0 = Release|Any CPU
		{FB887365-5D2D-AB21-5112-0F06C933BA59}.Debug|Any CPU.ActiveCfg = Debug|Any CPU
		{FB887365-5D2D-AB21-5112-0F06C933BA59}.Debug|Any CPU.Build.0 = Debug|Any CPU
		{FB887365-5D2D-AB21-5112-0F06C933BA59}.Release|Any CPU.ActiveCfg = Release|Any CPU
		{FB887365-5D2D-AB21-5112-0F06C933BA59}.Release|Any CPU.Build.0 = Release|Any CPU
	EndGlobalSection
	GlobalSection(SolutionProperties) = preSolution
		HideSolutionNode = FALSE
	EndGlobalSection
EndGlobal
